// !$*UTF8*$!
{
	archiveVersion = 1;
	classes = {
	};
	objectVersion = 56;
	objects = {

/* Begin PBXBuildFile section */
		062D8CAD2AEA7AF000A2ECBA /* AuthentificationView.swift in Sources */ = {isa = PBXBuildFile; fileRef = 062D8CAC2AEA7AF000A2ECBA /* AuthentificationView.swift */; };
		062D8CAF2AEA805100A2ECBA /* AuthentificationService.swift in Sources */ = {isa = PBXBuildFile; fileRef = 062D8CAE2AEA805100A2ECBA /* AuthentificationService.swift */; };
		062D8CB12AEA808E00A2ECBA /* UserModel.swift in Sources */ = {isa = PBXBuildFile; fileRef = 062D8CB02AEA808E00A2ECBA /* UserModel.swift */; };
		065CF5D22AEC0D2D003F4C24 /* UserManager.swift in Sources */ = {isa = PBXBuildFile; fileRef = 065CF5D12AEC0D2D003F4C24 /* UserManager.swift */; };
		0679FBAF2AE6BD380001D5A8 /* QRcodeScan.swift in Sources */ = {isa = PBXBuildFile; fileRef = 0679FBAE2AE6BD380001D5A8 /* QRcodeScan.swift */; };
		067B62DB2AEA8E5800B032F3 /* LoadingView.swift in Sources */ = {isa = PBXBuildFile; fileRef = 067B62DA2AEA8E5800B032F3 /* LoadingView.swift */; };
		067B62DD2AEA941600B032F3 /* AuthentificationModelView.swift in Sources */ = {isa = PBXBuildFile; fileRef = 067B62DC2AEA941600B032F3 /* AuthentificationModelView.swift */; };
		067D884A2AE2B7DC009A1025 /* ScanQRcodeView.swift in Sources */ = {isa = PBXBuildFile; fileRef = 067D88492AE2B7DC009A1025 /* ScanQRcodeView.swift */; };
		067F880D2AE93A2600965A0B /* CommunicationProtocol.swift in Sources */ = {isa = PBXBuildFile; fileRef = 067F880C2AE93A2600965A0B /* CommunicationProtocol.swift */; };
		067F88112AE954FC00965A0B /* FirebaseAuth in Frameworks */ = {isa = PBXBuildFile; productRef = 067F88102AE954FC00965A0B /* FirebaseAuth */; };
		0683D2262ADFE25100865382 /* ScanNFCView.swift in Sources */ = {isa = PBXBuildFile; fileRef = 0683D2252ADFE25100865382 /* ScanNFCView.swift */; };
		0683D2282ADFE29600865382 /* NFCReader.swift in Sources */ = {isa = PBXBuildFile; fileRef = 0683D2272ADFE29600865382 /* NFCReader.swift */; };
		0683D22C2ADFE3E800865382 /* PDFKitView.swift in Sources */ = {isa = PBXBuildFile; fileRef = 0683D22B2ADFE3E800865382 /* PDFKitView.swift */; };
		0683D22E2ADFE41A00865382 /* Color.swift in Sources */ = {isa = PBXBuildFile; fileRef = 0683D22D2ADFE41A00865382 /* Color.swift */; };
		0683D2302ADFE42900865382 /* Error.swift in Sources */ = {isa = PBXBuildFile; fileRef = 0683D22F2ADFE42900865382 /* Error.swift */; };
		0683D2322ADFE48A00865382 /* Repository.swift in Sources */ = {isa = PBXBuildFile; fileRef = 0683D2312ADFE48A00865382 /* Repository.swift */; };
		0683D2342ADFE4D000865382 /* ViewModel.swift in Sources */ = {isa = PBXBuildFile; fileRef = 0683D2332ADFE4D000865382 /* ViewModel.swift */; };
		0683D2362ADFE50700865382 /* Ticket.swift in Sources */ = {isa = PBXBuildFile; fileRef = 0683D2352ADFE50700865382 /* Ticket.swift */; };
		0683D2382ADFE66A00865382 /* TicketCell.swift in Sources */ = {isa = PBXBuildFile; fileRef = 0683D2372ADFE66A00865382 /* TicketCell.swift */; };
		0683D23A2ADFE71000865382 /* Utils.swift in Sources */ = {isa = PBXBuildFile; fileRef = 0683D2392ADFE71000865382 /* Utils.swift */; };
		0683D23C2ADFE73400865382 /* Button.swift in Sources */ = {isa = PBXBuildFile; fileRef = 0683D23B2ADFE73400865382 /* Button.swift */; };
		0683D23F2ADFEA3A00865382 /* FirebaseCrashlytics in Frameworks */ = {isa = PBXBuildFile; productRef = 0683D23E2ADFEA3A00865382 /* FirebaseCrashlytics */; };
		0683D2412ADFEA3A00865382 /* FirebaseDatabase in Frameworks */ = {isa = PBXBuildFile; productRef = 0683D2402ADFEA3A00865382 /* FirebaseDatabase */; };
		0683D2432ADFEA3B00865382 /* FirebaseDatabaseSwift in Frameworks */ = {isa = PBXBuildFile; productRef = 0683D2422ADFEA3B00865382 /* FirebaseDatabaseSwift */; };
		0683D2452ADFEA3B00865382 /* FirebaseFirestore in Frameworks */ = {isa = PBXBuildFile; productRef = 0683D2442ADFEA3B00865382 /* FirebaseFirestore */; };
		0683D2472ADFEA3B00865382 /* FirebaseFirestoreSwift in Frameworks */ = {isa = PBXBuildFile; productRef = 0683D2462ADFEA3B00865382 /* FirebaseFirestoreSwift */; };
		0683D2492ADFEA3C00865382 /* FirebaseStorage in Frameworks */ = {isa = PBXBuildFile; productRef = 0683D2482ADFEA3C00865382 /* FirebaseStorage */; };
		0683D24B2ADFF58200865382 /* TicketView.swift in Sources */ = {isa = PBXBuildFile; fileRef = 0683D24A2ADFF58200865382 /* TicketView.swift */; };
		068749402AD9399800ACD45E /* MVPApp.swift in Sources */ = {isa = PBXBuildFile; fileRef = 0687493F2AD9399800ACD45E /* MVPApp.swift */; };
		068749422AD9399800ACD45E /* ContentView.swift in Sources */ = {isa = PBXBuildFile; fileRef = 068749412AD9399800ACD45E /* ContentView.swift */; };
		068749442AD9399D00ACD45E /* Assets.xcassets in Resources */ = {isa = PBXBuildFile; fileRef = 068749432AD9399D00ACD45E /* Assets.xcassets */; };
		068749482AD9399D00ACD45E /* Preview Assets.xcassets in Resources */ = {isa = PBXBuildFile; fileRef = 068749472AD9399D00ACD45E /* Preview Assets.xcassets */; };
		068749522AD9399E00ACD45E /* MVPTests.swift in Sources */ = {isa = PBXBuildFile; fileRef = 068749512AD9399E00ACD45E /* MVPTests.swift */; };
		0687495C2AD9399E00ACD45E /* MVPUITests.swift in Sources */ = {isa = PBXBuildFile; fileRef = 0687495B2AD9399E00ACD45E /* MVPUITests.swift */; };
		0687495E2AD9399E00ACD45E /* MVPUITestsLaunchTests.swift in Sources */ = {isa = PBXBuildFile; fileRef = 0687495D2AD9399E00ACD45E /* MVPUITestsLaunchTests.swift */; };
		068FC1872AF39A67007F8CD7 /* GoogleSignIn in Frameworks */ = {isa = PBXBuildFile; productRef = 068FC1862AF39A67007F8CD7 /* GoogleSignIn */; };
		068FC1892AF39A67007F8CD7 /* GoogleSignInSwift in Frameworks */ = {isa = PBXBuildFile; productRef = 068FC1882AF39A67007F8CD7 /* GoogleSignInSwift */; };
		068FC18B2AF3A1E9007F8CD7 /* GoogleService-Info.plist in Resources */ = {isa = PBXBuildFile; fileRef = 068FC18A2AF3A1E9007F8CD7 /* GoogleService-Info.plist */; };
		068FC18D2AF3D13C007F8CD7 /* GoogleSignIn.swift in Sources */ = {isa = PBXBuildFile; fileRef = 068FC18C2AF3D13C007F8CD7 /* GoogleSignIn.swift */; };
/* End PBXBuildFile section */

/* Begin PBXContainerItemProxy section */
		0687494E2AD9399E00ACD45E /* PBXContainerItemProxy */ = {
			isa = PBXContainerItemProxy;
			containerPortal = 068749342AD9399800ACD45E /* Project object */;
			proxyType = 1;
			remoteGlobalIDString = 0687493B2AD9399800ACD45E;
			remoteInfo = MVP;
		};
		068749582AD9399E00ACD45E /* PBXContainerItemProxy */ = {
			isa = PBXContainerItemProxy;
			containerPortal = 068749342AD9399800ACD45E /* Project object */;
			proxyType = 1;
			remoteGlobalIDString = 0687493B2AD9399800ACD45E;
			remoteInfo = MVP;
		};
/* End PBXContainerItemProxy section */

/* Begin PBXFileReference section */
		062D8CAC2AEA7AF000A2ECBA /* AuthentificationView.swift */ = {isa = PBXFileReference; lastKnownFileType = sourcecode.swift; path = AuthentificationView.swift; sourceTree = "<group>"; };
		062D8CAE2AEA805100A2ECBA /* AuthentificationService.swift */ = {isa = PBXFileReference; lastKnownFileType = sourcecode.swift; path = AuthentificationService.swift; sourceTree = "<group>"; };
		062D8CB02AEA808E00A2ECBA /* UserModel.swift */ = {isa = PBXFileReference; lastKnownFileType = sourcecode.swift; path = UserModel.swift; sourceTree = "<group>"; };
		065CF5D12AEC0D2D003F4C24 /* UserManager.swift */ = {isa = PBXFileReference; lastKnownFileType = sourcecode.swift; path = UserManager.swift; sourceTree = "<group>"; };
		0679FBAE2AE6BD380001D5A8 /* QRcodeScan.swift */ = {isa = PBXFileReference; lastKnownFileType = sourcecode.swift; path = QRcodeScan.swift; sourceTree = "<group>"; };
		067B62DA2AEA8E5800B032F3 /* LoadingView.swift */ = {isa = PBXFileReference; lastKnownFileType = sourcecode.swift; path = LoadingView.swift; sourceTree = "<group>"; };
		067B62DC2AEA941600B032F3 /* AuthentificationModelView.swift */ = {isa = PBXFileReference; lastKnownFileType = sourcecode.swift; path = AuthentificationModelView.swift; sourceTree = "<group>"; };
		067D88492AE2B7DC009A1025 /* ScanQRcodeView.swift */ = {isa = PBXFileReference; lastKnownFileType = sourcecode.swift; path = ScanQRcodeView.swift; sourceTree = "<group>"; };
		067F880C2AE93A2600965A0B /* CommunicationProtocol.swift */ = {isa = PBXFileReference; lastKnownFileType = sourcecode.swift; path = CommunicationProtocol.swift; sourceTree = "<group>"; };
		0683D2252ADFE25100865382 /* ScanNFCView.swift */ = {isa = PBXFileReference; lastKnownFileType = sourcecode.swift; path = ScanNFCView.swift; sourceTree = "<group>"; };
		0683D2272ADFE29600865382 /* NFCReader.swift */ = {isa = PBXFileReference; lastKnownFileType = sourcecode.swift; path = NFCReader.swift; sourceTree = "<group>"; };
		0683D22B2ADFE3E800865382 /* PDFKitView.swift */ = {isa = PBXFileReference; lastKnownFileType = sourcecode.swift; path = PDFKitView.swift; sourceTree = "<group>"; };
		0683D22D2ADFE41A00865382 /* Color.swift */ = {isa = PBXFileReference; lastKnownFileType = sourcecode.swift; path = Color.swift; sourceTree = "<group>"; };
		0683D22F2ADFE42900865382 /* Error.swift */ = {isa = PBXFileReference; lastKnownFileType = sourcecode.swift; path = Error.swift; sourceTree = "<group>"; };
		0683D2312ADFE48A00865382 /* Repository.swift */ = {isa = PBXFileReference; lastKnownFileType = sourcecode.swift; path = Repository.swift; sourceTree = "<group>"; };
		0683D2332ADFE4D000865382 /* ViewModel.swift */ = {isa = PBXFileReference; lastKnownFileType = sourcecode.swift; path = ViewModel.swift; sourceTree = "<group>"; };
		0683D2352ADFE50700865382 /* Ticket.swift */ = {isa = PBXFileReference; lastKnownFileType = sourcecode.swift; path = Ticket.swift; sourceTree = "<group>"; };
		0683D2372ADFE66A00865382 /* TicketCell.swift */ = {isa = PBXFileReference; lastKnownFileType = sourcecode.swift; path = TicketCell.swift; sourceTree = "<group>"; };
		0683D2392ADFE71000865382 /* Utils.swift */ = {isa = PBXFileReference; lastKnownFileType = sourcecode.swift; path = Utils.swift; sourceTree = "<group>"; };
		0683D23B2ADFE73400865382 /* Button.swift */ = {isa = PBXFileReference; lastKnownFileType = sourcecode.swift; path = Button.swift; sourceTree = "<group>"; };
		0683D24A2ADFF58200865382 /* TicketView.swift */ = {isa = PBXFileReference; lastKnownFileType = sourcecode.swift; path = TicketView.swift; sourceTree = "<group>"; };
		06854C482AE10DDA000C86DE /* Info.plist */ = {isa = PBXFileReference; lastKnownFileType = text.plist; path = Info.plist; sourceTree = "<group>"; };
		0687493C2AD9399800ACD45E /* MVP.app */ = {isa = PBXFileReference; explicitFileType = wrapper.application; includeInIndex = 0; path = MVP.app; sourceTree = BUILT_PRODUCTS_DIR; };
		0687493F2AD9399800ACD45E /* MVPApp.swift */ = {isa = PBXFileReference; lastKnownFileType = sourcecode.swift; path = MVPApp.swift; sourceTree = "<group>"; };
		068749412AD9399800ACD45E /* ContentView.swift */ = {isa = PBXFileReference; lastKnownFileType = sourcecode.swift; path = ContentView.swift; sourceTree = "<group>"; };
		068749432AD9399D00ACD45E /* Assets.xcassets */ = {isa = PBXFileReference; lastKnownFileType = folder.assetcatalog; path = Assets.xcassets; sourceTree = "<group>"; };
		068749452AD9399D00ACD45E /* MVP.entitlements */ = {isa = PBXFileReference; lastKnownFileType = text.plist.entitlements; path = MVP.entitlements; sourceTree = "<group>"; };
		068749472AD9399D00ACD45E /* Preview Assets.xcassets */ = {isa = PBXFileReference; lastKnownFileType = folder.assetcatalog; path = "Preview Assets.xcassets"; sourceTree = "<group>"; };
		0687494D2AD9399E00ACD45E /* MVPTests.xctest */ = {isa = PBXFileReference; explicitFileType = wrapper.cfbundle; includeInIndex = 0; path = MVPTests.xctest; sourceTree = BUILT_PRODUCTS_DIR; };
		068749512AD9399E00ACD45E /* MVPTests.swift */ = {isa = PBXFileReference; lastKnownFileType = sourcecode.swift; path = MVPTests.swift; sourceTree = "<group>"; };
		068749572AD9399E00ACD45E /* MVPUITests.xctest */ = {isa = PBXFileReference; explicitFileType = wrapper.cfbundle; includeInIndex = 0; path = MVPUITests.xctest; sourceTree = BUILT_PRODUCTS_DIR; };
		0687495B2AD9399E00ACD45E /* MVPUITests.swift */ = {isa = PBXFileReference; lastKnownFileType = sourcecode.swift; path = MVPUITests.swift; sourceTree = "<group>"; };
		0687495D2AD9399E00ACD45E /* MVPUITestsLaunchTests.swift */ = {isa = PBXFileReference; lastKnownFileType = sourcecode.swift; path = MVPUITestsLaunchTests.swift; sourceTree = "<group>"; };
		068FC18A2AF3A1E9007F8CD7 /* GoogleService-Info.plist */ = {isa = PBXFileReference; fileEncoding = 4; lastKnownFileType = text.plist.xml; path = "GoogleService-Info.plist"; sourceTree = "<group>"; };
		068FC18C2AF3D13C007F8CD7 /* GoogleSignIn.swift */ = {isa = PBXFileReference; lastKnownFileType = sourcecode.swift; path = GoogleSignIn.swift; sourceTree = "<group>"; };
/* End PBXFileReference section */

/* Begin PBXFrameworksBuildPhase section */
		068749392AD9399800ACD45E /* Frameworks */ = {
			isa = PBXFrameworksBuildPhase;
			buildActionMask = 2147483647;
			files = (
				068FC1892AF39A67007F8CD7 /* GoogleSignInSwift in Frameworks */,
				0683D2472ADFEA3B00865382 /* FirebaseFirestoreSwift in Frameworks */,
				068FC1872AF39A67007F8CD7 /* GoogleSignIn in Frameworks */,
				0683D2432ADFEA3B00865382 /* FirebaseDatabaseSwift in Frameworks */,
				0683D2452ADFEA3B00865382 /* FirebaseFirestore in Frameworks */,
				0683D2412ADFEA3A00865382 /* FirebaseDatabase in Frameworks */,
				0683D23F2ADFEA3A00865382 /* FirebaseCrashlytics in Frameworks */,
				067F88112AE954FC00965A0B /* FirebaseAuth in Frameworks */,
				0683D2492ADFEA3C00865382 /* FirebaseStorage in Frameworks */,
			);
			runOnlyForDeploymentPostprocessing = 0;
		};
		0687494A2AD9399E00ACD45E /* Frameworks */ = {
			isa = PBXFrameworksBuildPhase;
			buildActionMask = 2147483647;
			files = (
			);
			runOnlyForDeploymentPostprocessing = 0;
		};
		068749542AD9399E00ACD45E /* Frameworks */ = {
			isa = PBXFrameworksBuildPhase;
			buildActionMask = 2147483647;
			files = (
			);
			runOnlyForDeploymentPostprocessing = 0;
		};
/* End PBXFrameworksBuildPhase section */

/* Begin PBXGroup section */
		067F880E2AE9524C00965A0B /* Authentification */ = {
			isa = PBXGroup;
			children = (
				062D8CAC2AEA7AF000A2ECBA /* AuthentificationView.swift */,
				067B62DC2AEA941600B032F3 /* AuthentificationModelView.swift */,
			);
			path = Authentification;
			sourceTree = "<group>";
		};
		067F880F2AE954FC00965A0B /* Frameworks */ = {
			isa = PBXGroup;
			children = (
			);
			name = Frameworks;
			sourceTree = "<group>";
		};
		068214102AE2CB4800A3123B /* Service */ = {
			isa = PBXGroup;
			children = (
				0683D2272ADFE29600865382 /* NFCReader.swift */,
				0679FBAE2AE6BD380001D5A8 /* QRcodeScan.swift */,
				067F880C2AE93A2600965A0B /* CommunicationProtocol.swift */,
				068FC18C2AF3D13C007F8CD7 /* GoogleSignIn.swift */,
			);
			path = Service;
			sourceTree = "<group>";
		};
		0683D2212ADFE1F000865382 /* Repository */ = {
			isa = PBXGroup;
			children = (
				062D8CAE2AEA805100A2ECBA /* AuthentificationService.swift */,
				0683D2312ADFE48A00865382 /* Repository.swift */,
				065CF5D12AEC0D2D003F4C24 /* UserManager.swift */,
			);
			path = Repository;
			sourceTree = "<group>";
		};
		0683D2222ADFE1FE00865382 /* Utils */ = {
			isa = PBXGroup;
			children = (
				0683D22D2ADFE41A00865382 /* Color.swift */,
				0683D22F2ADFE42900865382 /* Error.swift */,
				0683D2392ADFE71000865382 /* Utils.swift */,
				0683D23B2ADFE73400865382 /* Button.swift */,
				067B62DA2AEA8E5800B032F3 /* LoadingView.swift */,
			);
			path = Utils;
			sourceTree = "<group>";
		};
		0683D2232ADFE22200865382 /* Model */ = {
			isa = PBXGroup;
			children = (
				0683D2352ADFE50700865382 /* Ticket.swift */,
				062D8CB02AEA808E00A2ECBA /* UserModel.swift */,
			);
			path = Model;
			sourceTree = "<group>";
		};
		0683D2242ADFE22F00865382 /* View */ = {
			isa = PBXGroup;
			children = (
				067F880E2AE9524C00965A0B /* Authentification */,
				0683D2252ADFE25100865382 /* ScanNFCView.swift */,
				0683D22B2ADFE3E800865382 /* PDFKitView.swift */,
				0683D2372ADFE66A00865382 /* TicketCell.swift */,
				0683D24A2ADFF58200865382 /* TicketView.swift */,
				067D88492AE2B7DC009A1025 /* ScanQRcodeView.swift */,
			);
			path = View;
			sourceTree = "<group>";
		};
		068749332AD9399800ACD45E = {
			isa = PBXGroup;
			children = (
				0687493E2AD9399800ACD45E /* MVP */,
				068749502AD9399E00ACD45E /* MVPTests */,
				0687495A2AD9399E00ACD45E /* MVPUITests */,
				0687493D2AD9399800ACD45E /* Products */,
				067F880F2AE954FC00965A0B /* Frameworks */,
			);
			sourceTree = "<group>";
		};
		0687493D2AD9399800ACD45E /* Products */ = {
			isa = PBXGroup;
			children = (
				0687493C2AD9399800ACD45E /* MVP.app */,
				0687494D2AD9399E00ACD45E /* MVPTests.xctest */,
				068749572AD9399E00ACD45E /* MVPUITests.xctest */,
			);
			name = Products;
			sourceTree = "<group>";
		};
		0687493E2AD9399800ACD45E /* MVP */ = {
			isa = PBXGroup;
			children = (
				0687493F2AD9399800ACD45E /* MVPApp.swift */,
				068749412AD9399800ACD45E /* ContentView.swift */,
				0683D2332ADFE4D000865382 /* ViewModel.swift */,
				0683D2242ADFE22F00865382 /* View */,
				068214102AE2CB4800A3123B /* Service */,
				0683D2232ADFE22200865382 /* Model */,
				0683D2222ADFE1FE00865382 /* Utils */,
				0683D2212ADFE1F000865382 /* Repository */,
				068749432AD9399D00ACD45E /* Assets.xcassets */,
				068749452AD9399D00ACD45E /* MVP.entitlements */,
				068749462AD9399D00ACD45E /* Preview Content */,
				06854C482AE10DDA000C86DE /* Info.plist */,
				068FC18A2AF3A1E9007F8CD7 /* GoogleService-Info.plist */,
			);
			path = MVP;
			sourceTree = "<group>";
		};
		068749462AD9399D00ACD45E /* Preview Content */ = {
			isa = PBXGroup;
			children = (
				068749472AD9399D00ACD45E /* Preview Assets.xcassets */,
			);
			path = "Preview Content";
			sourceTree = "<group>";
		};
		068749502AD9399E00ACD45E /* MVPTests */ = {
			isa = PBXGroup;
			children = (
				068749512AD9399E00ACD45E /* MVPTests.swift */,
			);
			path = MVPTests;
			sourceTree = "<group>";
		};
		0687495A2AD9399E00ACD45E /* MVPUITests */ = {
			isa = PBXGroup;
			children = (
				0687495B2AD9399E00ACD45E /* MVPUITests.swift */,
				0687495D2AD9399E00ACD45E /* MVPUITestsLaunchTests.swift */,
			);
			path = MVPUITests;
			sourceTree = "<group>";
		};
/* End PBXGroup section */

/* Begin PBXNativeTarget section */
		0687493B2AD9399800ACD45E /* MVP */ = {
			isa = PBXNativeTarget;
			buildConfigurationList = 068749612AD9399E00ACD45E /* Build configuration list for PBXNativeTarget "MVP" */;
			buildPhases = (
				068749382AD9399800ACD45E /* Sources */,
				068749392AD9399800ACD45E /* Frameworks */,
				0687493A2AD9399800ACD45E /* Resources */,
			);
			buildRules = (
			);
			dependencies = (
			);
			name = MVP;
			packageProductDependencies = (
				0683D23E2ADFEA3A00865382 /* FirebaseCrashlytics */,
				0683D2402ADFEA3A00865382 /* FirebaseDatabase */,
				0683D2422ADFEA3B00865382 /* FirebaseDatabaseSwift */,
				0683D2442ADFEA3B00865382 /* FirebaseFirestore */,
				0683D2462ADFEA3B00865382 /* FirebaseFirestoreSwift */,
				0683D2482ADFEA3C00865382 /* FirebaseStorage */,
				067F88102AE954FC00965A0B /* FirebaseAuth */,
				068FC1862AF39A67007F8CD7 /* GoogleSignIn */,
				068FC1882AF39A67007F8CD7 /* GoogleSignInSwift */,
			);
			productName = MVP;
			productReference = 0687493C2AD9399800ACD45E /* MVP.app */;
			productType = "com.apple.product-type.application";
		};
		0687494C2AD9399E00ACD45E /* MVPTests */ = {
			isa = PBXNativeTarget;
			buildConfigurationList = 068749642AD9399E00ACD45E /* Build configuration list for PBXNativeTarget "MVPTests" */;
			buildPhases = (
				068749492AD9399E00ACD45E /* Sources */,
				0687494A2AD9399E00ACD45E /* Frameworks */,
				0687494B2AD9399E00ACD45E /* Resources */,
			);
			buildRules = (
			);
			dependencies = (
				0687494F2AD9399E00ACD45E /* PBXTargetDependency */,
			);
			name = MVPTests;
			productName = MVPTests;
			productReference = 0687494D2AD9399E00ACD45E /* MVPTests.xctest */;
			productType = "com.apple.product-type.bundle.unit-test";
		};
		068749562AD9399E00ACD45E /* MVPUITests */ = {
			isa = PBXNativeTarget;
			buildConfigurationList = 068749672AD9399E00ACD45E /* Build configuration list for PBXNativeTarget "MVPUITests" */;
			buildPhases = (
				068749532AD9399E00ACD45E /* Sources */,
				068749542AD9399E00ACD45E /* Frameworks */,
				068749552AD9399E00ACD45E /* Resources */,
			);
			buildRules = (
			);
			dependencies = (
				068749592AD9399E00ACD45E /* PBXTargetDependency */,
			);
			name = MVPUITests;
			productName = MVPUITests;
			productReference = 068749572AD9399E00ACD45E /* MVPUITests.xctest */;
			productType = "com.apple.product-type.bundle.ui-testing";
		};
/* End PBXNativeTarget section */

/* Begin PBXProject section */
		068749342AD9399800ACD45E /* Project object */ = {
			isa = PBXProject;
			attributes = {
				BuildIndependentTargetsInParallel = 1;
				LastSwiftUpdateCheck = 1420;
				LastUpgradeCheck = 1420;
				TargetAttributes = {
					0687493B2AD9399800ACD45E = {
						CreatedOnToolsVersion = 14.2;
					};
					0687494C2AD9399E00ACD45E = {
						CreatedOnToolsVersion = 14.2;
						TestTargetID = 0687493B2AD9399800ACD45E;
					};
					068749562AD9399E00ACD45E = {
						CreatedOnToolsVersion = 14.2;
						TestTargetID = 0687493B2AD9399800ACD45E;
					};
				};
			};
			buildConfigurationList = 068749372AD9399800ACD45E /* Build configuration list for PBXProject "MVP" */;
			compatibilityVersion = "Xcode 14.0";
			developmentRegion = en;
			hasScannedForEncodings = 0;
			knownRegions = (
				en,
				Base,
			);
			mainGroup = 068749332AD9399800ACD45E;
			packageReferences = (
				0683D23D2ADFEA3A00865382 /* XCRemoteSwiftPackageReference "firebase-ios-sdk" */,
				068FC1852AF39A67007F8CD7 /* XCRemoteSwiftPackageReference "GoogleSignIn-iOS" */,
			);
			productRefGroup = 0687493D2AD9399800ACD45E /* Products */;
			projectDirPath = "";
			projectRoot = "";
			targets = (
				0687493B2AD9399800ACD45E /* MVP */,
				0687494C2AD9399E00ACD45E /* MVPTests */,
				068749562AD9399E00ACD45E /* MVPUITests */,
			);
		};
/* End PBXProject section */

/* Begin PBXResourcesBuildPhase section */
		0687493A2AD9399800ACD45E /* Resources */ = {
			isa = PBXResourcesBuildPhase;
			buildActionMask = 2147483647;
			files = (
				068749482AD9399D00ACD45E /* Preview Assets.xcassets in Resources */,
				068749442AD9399D00ACD45E /* Assets.xcassets in Resources */,
				068FC18B2AF3A1E9007F8CD7 /* GoogleService-Info.plist in Resources */,
			);
			runOnlyForDeploymentPostprocessing = 0;
		};
		0687494B2AD9399E00ACD45E /* Resources */ = {
			isa = PBXResourcesBuildPhase;
			buildActionMask = 2147483647;
			files = (
			);
			runOnlyForDeploymentPostprocessing = 0;
		};
		068749552AD9399E00ACD45E /* Resources */ = {
			isa = PBXResourcesBuildPhase;
			buildActionMask = 2147483647;
			files = (
			);
			runOnlyForDeploymentPostprocessing = 0;
		};
/* End PBXResourcesBuildPhase section */

/* Begin PBXSourcesBuildPhase section */
		068749382AD9399800ACD45E /* Sources */ = {
			isa = PBXSourcesBuildPhase;
			buildActionMask = 2147483647;
			files = (
				0683D2282ADFE29600865382 /* NFCReader.swift in Sources */,
				0683D2342ADFE4D000865382 /* ViewModel.swift in Sources */,
				0683D2382ADFE66A00865382 /* TicketCell.swift in Sources */,
				067B62DD2AEA941600B032F3 /* AuthentificationModelView.swift in Sources */,
				068749422AD9399800ACD45E /* ContentView.swift in Sources */,
				068749402AD9399800ACD45E /* MVPApp.swift in Sources */,
				067B62DB2AEA8E5800B032F3 /* LoadingView.swift in Sources */,
				065CF5D22AEC0D2D003F4C24 /* UserManager.swift in Sources */,
				0683D2322ADFE48A00865382 /* Repository.swift in Sources */,
				0683D22C2ADFE3E800865382 /* PDFKitView.swift in Sources */,
				067F880D2AE93A2600965A0B /* CommunicationProtocol.swift in Sources */,
				0683D2262ADFE25100865382 /* ScanNFCView.swift in Sources */,
				0683D2362ADFE50700865382 /* Ticket.swift in Sources */,
				062D8CAF2AEA805100A2ECBA /* AuthentificationService.swift in Sources */,
				067D884A2AE2B7DC009A1025 /* ScanQRcodeView.swift in Sources */,
				062D8CAD2AEA7AF000A2ECBA /* AuthentificationView.swift in Sources */,
				0683D2302ADFE42900865382 /* Error.swift in Sources */,
				0683D24B2ADFF58200865382 /* TicketView.swift in Sources */,
				068FC18D2AF3D13C007F8CD7 /* GoogleSignIn.swift in Sources */,
				0683D22E2ADFE41A00865382 /* Color.swift in Sources */,
				0683D23C2ADFE73400865382 /* Button.swift in Sources */,
				0679FBAF2AE6BD380001D5A8 /* QRcodeScan.swift in Sources */,
				062D8CB12AEA808E00A2ECBA /* UserModel.swift in Sources */,
				0683D23A2ADFE71000865382 /* Utils.swift in Sources */,
			);
			runOnlyForDeploymentPostprocessing = 0;
		};
		068749492AD9399E00ACD45E /* Sources */ = {
			isa = PBXSourcesBuildPhase;
			buildActionMask = 2147483647;
			files = (
				068749522AD9399E00ACD45E /* MVPTests.swift in Sources */,
			);
			runOnlyForDeploymentPostprocessing = 0;
		};
		068749532AD9399E00ACD45E /* Sources */ = {
			isa = PBXSourcesBuildPhase;
			buildActionMask = 2147483647;
			files = (
				0687495E2AD9399E00ACD45E /* MVPUITestsLaunchTests.swift in Sources */,
				0687495C2AD9399E00ACD45E /* MVPUITests.swift in Sources */,
			);
			runOnlyForDeploymentPostprocessing = 0;
		};
/* End PBXSourcesBuildPhase section */

/* Begin PBXTargetDependency section */
		0687494F2AD9399E00ACD45E /* PBXTargetDependency */ = {
			isa = PBXTargetDependency;
			target = 0687493B2AD9399800ACD45E /* MVP */;
			targetProxy = 0687494E2AD9399E00ACD45E /* PBXContainerItemProxy */;
		};
		068749592AD9399E00ACD45E /* PBXTargetDependency */ = {
			isa = PBXTargetDependency;
			target = 0687493B2AD9399800ACD45E /* MVP */;
			targetProxy = 068749582AD9399E00ACD45E /* PBXContainerItemProxy */;
		};
/* End PBXTargetDependency section */

/* Begin XCBuildConfiguration section */
		0687495F2AD9399E00ACD45E /* Debug */ = {
			isa = XCBuildConfiguration;
			buildSettings = {
				ALWAYS_SEARCH_USER_PATHS = NO;
				CLANG_ANALYZER_NONNULL = YES;
				CLANG_ANALYZER_NUMBER_OBJECT_CONVERSION = YES_AGGRESSIVE;
				CLANG_CXX_LANGUAGE_STANDARD = "gnu++20";
				CLANG_ENABLE_MODULES = YES;
				CLANG_ENABLE_OBJC_ARC = YES;
				CLANG_ENABLE_OBJC_WEAK = YES;
				CLANG_WARN_BLOCK_CAPTURE_AUTORELEASING = YES;
				CLANG_WARN_BOOL_CONVERSION = YES;
				CLANG_WARN_COMMA = YES;
				CLANG_WARN_CONSTANT_CONVERSION = YES;
				CLANG_WARN_DEPRECATED_OBJC_IMPLEMENTATIONS = YES;
				CLANG_WARN_DIRECT_OBJC_ISA_USAGE = YES_ERROR;
				CLANG_WARN_DOCUMENTATION_COMMENTS = YES;
				CLANG_WARN_EMPTY_BODY = YES;
				CLANG_WARN_ENUM_CONVERSION = YES;
				CLANG_WARN_INFINITE_RECURSION = YES;
				CLANG_WARN_INT_CONVERSION = YES;
				CLANG_WARN_NON_LITERAL_NULL_CONVERSION = YES;
				CLANG_WARN_OBJC_IMPLICIT_RETAIN_SELF = YES;
				CLANG_WARN_OBJC_LITERAL_CONVERSION = YES;
				CLANG_WARN_OBJC_ROOT_CLASS = YES_ERROR;
				CLANG_WARN_QUOTED_INCLUDE_IN_FRAMEWORK_HEADER = YES;
				CLANG_WARN_RANGE_LOOP_ANALYSIS = YES;
				CLANG_WARN_STRICT_PROTOTYPES = YES;
				CLANG_WARN_SUSPICIOUS_MOVE = YES;
				CLANG_WARN_UNGUARDED_AVAILABILITY = YES_AGGRESSIVE;
				CLANG_WARN_UNREACHABLE_CODE = YES;
				CLANG_WARN__DUPLICATE_METHOD_MATCH = YES;
				COPY_PHASE_STRIP = NO;
				DEBUG_INFORMATION_FORMAT = dwarf;
				ENABLE_STRICT_OBJC_MSGSEND = YES;
				ENABLE_TESTABILITY = YES;
				GCC_C_LANGUAGE_STANDARD = gnu11;
				GCC_DYNAMIC_NO_PIC = NO;
				GCC_NO_COMMON_BLOCKS = YES;
				GCC_OPTIMIZATION_LEVEL = 0;
				GCC_PREPROCESSOR_DEFINITIONS = (
					"DEBUG=1",
					"$(inherited)",
				);
				GCC_WARN_64_TO_32_BIT_CONVERSION = YES;
				GCC_WARN_ABOUT_RETURN_TYPE = YES_ERROR;
				GCC_WARN_UNDECLARED_SELECTOR = YES;
				GCC_WARN_UNINITIALIZED_AUTOS = YES_AGGRESSIVE;
				GCC_WARN_UNUSED_FUNCTION = YES;
				GCC_WARN_UNUSED_VARIABLE = YES;
				MTL_ENABLE_DEBUG_INFO = INCLUDE_SOURCE;
				MTL_FAST_MATH = YES;
				ONLY_ACTIVE_ARCH = YES;
				SWIFT_ACTIVE_COMPILATION_CONDITIONS = DEBUG;
				SWIFT_OPTIMIZATION_LEVEL = "-Onone";
			};
			name = Debug;
		};
		068749602AD9399E00ACD45E /* Release */ = {
			isa = XCBuildConfiguration;
			buildSettings = {
				ALWAYS_SEARCH_USER_PATHS = NO;
				CLANG_ANALYZER_NONNULL = YES;
				CLANG_ANALYZER_NUMBER_OBJECT_CONVERSION = YES_AGGRESSIVE;
				CLANG_CXX_LANGUAGE_STANDARD = "gnu++20";
				CLANG_ENABLE_MODULES = YES;
				CLANG_ENABLE_OBJC_ARC = YES;
				CLANG_ENABLE_OBJC_WEAK = YES;
				CLANG_WARN_BLOCK_CAPTURE_AUTORELEASING = YES;
				CLANG_WARN_BOOL_CONVERSION = YES;
				CLANG_WARN_COMMA = YES;
				CLANG_WARN_CONSTANT_CONVERSION = YES;
				CLANG_WARN_DEPRECATED_OBJC_IMPLEMENTATIONS = YES;
				CLANG_WARN_DIRECT_OBJC_ISA_USAGE = YES_ERROR;
				CLANG_WARN_DOCUMENTATION_COMMENTS = YES;
				CLANG_WARN_EMPTY_BODY = YES;
				CLANG_WARN_ENUM_CONVERSION = YES;
				CLANG_WARN_INFINITE_RECURSION = YES;
				CLANG_WARN_INT_CONVERSION = YES;
				CLANG_WARN_NON_LITERAL_NULL_CONVERSION = YES;
				CLANG_WARN_OBJC_IMPLICIT_RETAIN_SELF = YES;
				CLANG_WARN_OBJC_LITERAL_CONVERSION = YES;
				CLANG_WARN_OBJC_ROOT_CLASS = YES_ERROR;
				CLANG_WARN_QUOTED_INCLUDE_IN_FRAMEWORK_HEADER = YES;
				CLANG_WARN_RANGE_LOOP_ANALYSIS = YES;
				CLANG_WARN_STRICT_PROTOTYPES = YES;
				CLANG_WARN_SUSPICIOUS_MOVE = YES;
				CLANG_WARN_UNGUARDED_AVAILABILITY = YES_AGGRESSIVE;
				CLANG_WARN_UNREACHABLE_CODE = YES;
				CLANG_WARN__DUPLICATE_METHOD_MATCH = YES;
				COPY_PHASE_STRIP = NO;
				DEBUG_INFORMATION_FORMAT = "dwarf-with-dsym";
				ENABLE_NS_ASSERTIONS = NO;
				ENABLE_STRICT_OBJC_MSGSEND = YES;
				GCC_C_LANGUAGE_STANDARD = gnu11;
				GCC_NO_COMMON_BLOCKS = YES;
				GCC_WARN_64_TO_32_BIT_CONVERSION = YES;
				GCC_WARN_ABOUT_RETURN_TYPE = YES_ERROR;
				GCC_WARN_UNDECLARED_SELECTOR = YES;
				GCC_WARN_UNINITIALIZED_AUTOS = YES_AGGRESSIVE;
				GCC_WARN_UNUSED_FUNCTION = YES;
				GCC_WARN_UNUSED_VARIABLE = YES;
				MTL_ENABLE_DEBUG_INFO = NO;
				MTL_FAST_MATH = YES;
				SWIFT_COMPILATION_MODE = wholemodule;
				SWIFT_OPTIMIZATION_LEVEL = "-O";
			};
			name = Release;
		};
		068749622AD9399E00ACD45E /* Debug */ = {
			isa = XCBuildConfiguration;
			buildSettings = {
				ASSETCATALOG_COMPILER_APPICON_NAME = AppIcon;
				ASSETCATALOG_COMPILER_GLOBAL_ACCENT_COLOR_NAME = AccentColor;
				CODE_SIGN_ENTITLEMENTS = MVP/MVP.entitlements;
				CODE_SIGN_STYLE = Automatic;
				CURRENT_PROJECT_VERSION = 1;
				DEVELOPMENT_ASSET_PATHS = "\"MVP/Preview Content\"";
				DEVELOPMENT_TEAM = 8LY5P9NNCS;
				ENABLE_HARDENED_RUNTIME = YES;
				ENABLE_PREVIEWS = YES;
				GENERATE_INFOPLIST_FILE = YES;
				INFOPLIST_FILE = MVP/Info.plist;
				INFOPLIST_KEY_CFBundleDisplayName = "MVP-Ticket";
				INFOPLIST_KEY_LSApplicationCategoryType = "public.app-category.business";
				INFOPLIST_KEY_NFCReaderUsageDescription = "We need permission to access NFC functionality";
				INFOPLIST_KEY_NSCameraUsageDescription = "We need permission to access Camera functionality";
				"INFOPLIST_KEY_UIApplicationSceneManifest_Generation[sdk=iphoneos*]" = YES;
				"INFOPLIST_KEY_UIApplicationSceneManifest_Generation[sdk=iphonesimulator*]" = YES;
				"INFOPLIST_KEY_UIApplicationSupportsIndirectInputEvents[sdk=iphoneos*]" = YES;
				"INFOPLIST_KEY_UIApplicationSupportsIndirectInputEvents[sdk=iphonesimulator*]" = YES;
				"INFOPLIST_KEY_UILaunchScreen_Generation[sdk=iphoneos*]" = YES;
				"INFOPLIST_KEY_UILaunchScreen_Generation[sdk=iphonesimulator*]" = YES;
				"INFOPLIST_KEY_UIStatusBarStyle[sdk=iphoneos*]" = UIStatusBarStyleDefault;
				"INFOPLIST_KEY_UIStatusBarStyle[sdk=iphonesimulator*]" = UIStatusBarStyleDefault;
				INFOPLIST_KEY_UISupportedInterfaceOrientations = UIInterfaceOrientationPortrait;
				INFOPLIST_KEY_UISupportedInterfaceOrientations_iPad = "UIInterfaceOrientationLandscapeLeft UIInterfaceOrientationLandscapeRight UIInterfaceOrientationPortrait UIInterfaceOrientationPortraitUpsideDown";
				IPHONEOS_DEPLOYMENT_TARGET = 16.0;
				LD_RUNPATH_SEARCH_PATHS = "@executable_path/Frameworks";
				"LD_RUNPATH_SEARCH_PATHS[sdk=macosx*]" = "@executable_path/../Frameworks";
				MACOSX_DEPLOYMENT_TARGET = 12.6;
				MARKETING_VERSION = 1.0;
				PRODUCT_BUNDLE_IDENTIFIER = "Guillaume-Genest.MVP";
				PRODUCT_NAME = "$(TARGET_NAME)";
				SDKROOT = auto;
				SUPPORTED_PLATFORMS = "iphoneos iphonesimulator";
				SUPPORTS_MACCATALYST = NO;
				SUPPORTS_MAC_DESIGNED_FOR_IPHONE_IPAD = NO;
				SWIFT_EMIT_LOC_STRINGS = YES;
				SWIFT_VERSION = 5.0;
				TARGETED_DEVICE_FAMILY = 1;
			};
			name = Debug;
		};
		068749632AD9399E00ACD45E /* Release */ = {
			isa = XCBuildConfiguration;
			buildSettings = {
				ASSETCATALOG_COMPILER_APPICON_NAME = AppIcon;
				ASSETCATALOG_COMPILER_GLOBAL_ACCENT_COLOR_NAME = AccentColor;
				CODE_SIGN_ENTITLEMENTS = MVP/MVP.entitlements;
				CODE_SIGN_STYLE = Automatic;
				CURRENT_PROJECT_VERSION = 1;
				DEVELOPMENT_ASSET_PATHS = "\"MVP/Preview Content\"";
				DEVELOPMENT_TEAM = 8LY5P9NNCS;
				ENABLE_HARDENED_RUNTIME = YES;
				ENABLE_PREVIEWS = YES;
				GENERATE_INFOPLIST_FILE = YES;
				INFOPLIST_FILE = MVP/Info.plist;
				INFOPLIST_KEY_CFBundleDisplayName = "MVP-Ticket";
				INFOPLIST_KEY_LSApplicationCategoryType = "public.app-category.business";
				INFOPLIST_KEY_NFCReaderUsageDescription = "We need permission to access NFC functionality";
				INFOPLIST_KEY_NSCameraUsageDescription = "We need permission to access Camera functionality";
				"INFOPLIST_KEY_UIApplicationSceneManifest_Generation[sdk=iphoneos*]" = YES;
				"INFOPLIST_KEY_UIApplicationSceneManifest_Generation[sdk=iphonesimulator*]" = YES;
				"INFOPLIST_KEY_UIApplicationSupportsIndirectInputEvents[sdk=iphoneos*]" = YES;
				"INFOPLIST_KEY_UIApplicationSupportsIndirectInputEvents[sdk=iphonesimulator*]" = YES;
				"INFOPLIST_KEY_UILaunchScreen_Generation[sdk=iphoneos*]" = YES;
				"INFOPLIST_KEY_UILaunchScreen_Generation[sdk=iphonesimulator*]" = YES;
				"INFOPLIST_KEY_UIStatusBarStyle[sdk=iphoneos*]" = UIStatusBarStyleDefault;
				"INFOPLIST_KEY_UIStatusBarStyle[sdk=iphonesimulator*]" = UIStatusBarStyleDefault;
				INFOPLIST_KEY_UISupportedInterfaceOrientations = UIInterfaceOrientationPortrait;
				INFOPLIST_KEY_UISupportedInterfaceOrientations_iPad = "UIInterfaceOrientationLandscapeLeft UIInterfaceOrientationLandscapeRight UIInterfaceOrientationPortrait UIInterfaceOrientationPortraitUpsideDown";
				IPHONEOS_DEPLOYMENT_TARGET = 16.0;
				LD_RUNPATH_SEARCH_PATHS = "@executable_path/Frameworks";
				"LD_RUNPATH_SEARCH_PATHS[sdk=macosx*]" = "@executable_path/../Frameworks";
				MACOSX_DEPLOYMENT_TARGET = 12.6;
				MARKETING_VERSION = 1.0;
				PRODUCT_BUNDLE_IDENTIFIER = "Guillaume-Genest.MVP";
				PRODUCT_NAME = "$(TARGET_NAME)";
				SDKROOT = auto;
				SUPPORTED_PLATFORMS = "iphoneos iphonesimulator";
				SUPPORTS_MACCATALYST = NO;
				SUPPORTS_MAC_DESIGNED_FOR_IPHONE_IPAD = NO;
				SWIFT_EMIT_LOC_STRINGS = YES;
				SWIFT_VERSION = 5.0;
				TARGETED_DEVICE_FAMILY = 1;
			};
			name = Release;
		};
		068749652AD9399E00ACD45E /* Debug */ = {
			isa = XCBuildConfiguration;
			buildSettings = {
				ALWAYS_EMBED_SWIFT_STANDARD_LIBRARIES = YES;
				BUNDLE_LOADER = "$(TEST_HOST)";
				CODE_SIGN_STYLE = Automatic;
				CURRENT_PROJECT_VERSION = 1;
				DEVELOPMENT_TEAM = 8LY5P9NNCS;
				GENERATE_INFOPLIST_FILE = YES;
				IPHONEOS_DEPLOYMENT_TARGET = 16.2;
				MACOSX_DEPLOYMENT_TARGET = 12.6;
				MARKETING_VERSION = 1.0;
				PRODUCT_BUNDLE_IDENTIFIER = "Guillaume-Genest.MVPTests";
				PRODUCT_NAME = "$(TARGET_NAME)";
				SDKROOT = auto;
				SUPPORTED_PLATFORMS = "iphoneos iphonesimulator macosx";
				SWIFT_EMIT_LOC_STRINGS = NO;
				SWIFT_VERSION = 5.0;
				TARGETED_DEVICE_FAMILY = "1,2";
				TEST_HOST = "$(BUILT_PRODUCTS_DIR)/MVP.app/$(BUNDLE_EXECUTABLE_FOLDER_PATH)/MVP";
			};
			name = Debug;
		};
		068749662AD9399E00ACD45E /* Release */ = {
			isa = XCBuildConfiguration;
			buildSettings = {
				ALWAYS_EMBED_SWIFT_STANDARD_LIBRARIES = YES;
				BUNDLE_LOADER = "$(TEST_HOST)";
				CODE_SIGN_STYLE = Automatic;
				CURRENT_PROJECT_VERSION = 1;
				DEVELOPMENT_TEAM = 8LY5P9NNCS;
				GENERATE_INFOPLIST_FILE = YES;
				IPHONEOS_DEPLOYMENT_TARGET = 16.2;
				MACOSX_DEPLOYMENT_TARGET = 12.6;
				MARKETING_VERSION = 1.0;
				PRODUCT_BUNDLE_IDENTIFIER = "Guillaume-Genest.MVPTests";
				PRODUCT_NAME = "$(TARGET_NAME)";
				SDKROOT = auto;
				SUPPORTED_PLATFORMS = "iphoneos iphonesimulator macosx";
				SWIFT_EMIT_LOC_STRINGS = NO;
				SWIFT_VERSION = 5.0;
				TARGETED_DEVICE_FAMILY = "1,2";
				TEST_HOST = "$(BUILT_PRODUCTS_DIR)/MVP.app/$(BUNDLE_EXECUTABLE_FOLDER_PATH)/MVP";
			};
			name = Release;
		};
		068749682AD9399E00ACD45E /* Debug */ = {
			isa = XCBuildConfiguration;
			buildSettings = {
				ALWAYS_EMBED_SWIFT_STANDARD_LIBRARIES = YES;
				CODE_SIGN_STYLE = Automatic;
				CURRENT_PROJECT_VERSION = 1;
				DEVELOPMENT_TEAM = 8LY5P9NNCS;
				GENERATE_INFOPLIST_FILE = YES;
				IPHONEOS_DEPLOYMENT_TARGET = 16.2;
				MACOSX_DEPLOYMENT_TARGET = 12.6;
				MARKETING_VERSION = 1.0;
				PRODUCT_BUNDLE_IDENTIFIER = "Guillaume-Genest.MVPUITests";
				PRODUCT_NAME = "$(TARGET_NAME)";
				SDKROOT = auto;
				SUPPORTED_PLATFORMS = "iphoneos iphonesimulator macosx";
				SWIFT_EMIT_LOC_STRINGS = NO;
				SWIFT_VERSION = 5.0;
				TARGETED_DEVICE_FAMILY = "1,2";
				TEST_TARGET_NAME = MVP;
			};
			name = Debug;
		};
		068749692AD9399E00ACD45E /* Release */ = {
			isa = XCBuildConfiguration;
			buildSettings = {
				ALWAYS_EMBED_SWIFT_STANDARD_LIBRARIES = YES;
				CODE_SIGN_STYLE = Automatic;
				CURRENT_PROJECT_VERSION = 1;
				DEVELOPMENT_TEAM = 8LY5P9NNCS;
				GENERATE_INFOPLIST_FILE = YES;
				IPHONEOS_DEPLOYMENT_TARGET = 16.2;
				MACOSX_DEPLOYMENT_TARGET = 12.6;
				MARKETING_VERSION = 1.0;
				PRODUCT_BUNDLE_IDENTIFIER = "Guillaume-Genest.MVPUITests";
				PRODUCT_NAME = "$(TARGET_NAME)";
				SDKROOT = auto;
				SUPPORTED_PLATFORMS = "iphoneos iphonesimulator macosx";
				SWIFT_EMIT_LOC_STRINGS = NO;
				SWIFT_VERSION = 5.0;
				TARGETED_DEVICE_FAMILY = "1,2";
				TEST_TARGET_NAME = MVP;
			};
			name = Release;
		};
/* End XCBuildConfiguration section */

/* Begin XCConfigurationList section */
		068749372AD9399800ACD45E /* Build configuration list for PBXProject "MVP" */ = {
			isa = XCConfigurationList;
			buildConfigurations = (
				0687495F2AD9399E00ACD45E /* Debug */,
				068749602AD9399E00ACD45E /* Release */,
			);
			defaultConfigurationIsVisible = 0;
			defaultConfigurationName = Release;
		};
		068749612AD9399E00ACD45E /* Build configuration list for PBXNativeTarget "MVP" */ = {
			isa = XCConfigurationList;
			buildConfigurations = (
				068749622AD9399E00ACD45E /* Debug */,
				068749632AD9399E00ACD45E /* Release */,
			);
			defaultConfigurationIsVisible = 0;
			defaultConfigurationName = Release;
		};
		068749642AD9399E00ACD45E /* Build configuration list for PBXNativeTarget "MVPTests" */ = {
			isa = XCConfigurationList;
			buildConfigurations = (
				068749652AD9399E00ACD45E /* Debug */,
				068749662AD9399E00ACD45E /* Release */,
			);
			defaultConfigurationIsVisible = 0;
			defaultConfigurationName = Release;
		};
		068749672AD9399E00ACD45E /* Build configuration list for PBXNativeTarget "MVPUITests" */ = {
			isa = XCConfigurationList;
			buildConfigurations = (
				068749682AD9399E00ACD45E /* Debug */,
				068749692AD9399E00ACD45E /* Release */,
			);
			defaultConfigurationIsVisible = 0;
			defaultConfigurationName = Release;
		};
/* End XCConfigurationList section */

/* Begin XCRemoteSwiftPackageReference section */
		0683D23D2ADFEA3A00865382 /* XCRemoteSwiftPackageReference "firebase-ios-sdk" */ = {
			isa = XCRemoteSwiftPackageReference;
			repositoryURL = "https://github.com/firebase/firebase-ios-sdk";
			requirement = {
				branch = master;
				kind = branch;
			};
		};
		068FC1852AF39A67007F8CD7 /* XCRemoteSwiftPackageReference "GoogleSignIn-iOS" */ = {
			isa = XCRemoteSwiftPackageReference;
			repositoryURL = "https://github.com/google/GoogleSignIn-iOS.git";
			requirement = {
				kind = upToNextMajorVersion;
				minimumVersion = 7.0.0;
			};
		};
/* End XCRemoteSwiftPackageReference section */

/* Begin XCSwiftPackageProductDependency section */
		067F88102AE954FC00965A0B /* FirebaseAuth */ = {
			isa = XCSwiftPackageProductDependency;
			package = 0683D23D2ADFEA3A00865382 /* XCRemoteSwiftPackageReference "firebase-ios-sdk" */;
			productName = FirebaseAuth;
		};
		0683D23E2ADFEA3A00865382 /* FirebaseCrashlytics */ = {
			isa = XCSwiftPackageProductDependency;
			package = 0683D23D2ADFEA3A00865382 /* XCRemoteSwiftPackageReference "firebase-ios-sdk" */;
			productName = FirebaseCrashlytics;
		};
		0683D2402ADFEA3A00865382 /* FirebaseDatabase */ = {
			isa = XCSwiftPackageProductDependency;
			package = 0683D23D2ADFEA3A00865382 /* XCRemoteSwiftPackageReference "firebase-ios-sdk" */;
			productName = FirebaseDatabase;
		};
		0683D2422ADFEA3B00865382 /* FirebaseDatabaseSwift */ = {
			isa = XCSwiftPackageProductDependency;
			package = 0683D23D2ADFEA3A00865382 /* XCRemoteSwiftPackageReference "firebase-ios-sdk" */;
			productName = FirebaseDatabaseSwift;
		};
		0683D2442ADFEA3B00865382 /* FirebaseFirestore */ = {
			isa = XCSwiftPackageProductDependency;
			package = 0683D23D2ADFEA3A00865382 /* XCRemoteSwiftPackageReference "firebase-ios-sdk" */;
			productName = FirebaseFirestore;
		};
		0683D2462ADFEA3B00865382 /* FirebaseFirestoreSwift */ = {
			isa = XCSwiftPackageProductDependency;
			package = 0683D23D2ADFEA3A00865382 /* XCRemoteSwiftPackageReference "firebase-ios-sdk" */;
			productName = FirebaseFirestoreSwift;
		};
		0683D2482ADFEA3C00865382 /* FirebaseStorage */ = {
			isa = XCSwiftPackageProductDependency;
			package = 0683D23D2ADFEA3A00865382 /* XCRemoteSwiftPackageReference "firebase-ios-sdk" */;
			productName = FirebaseStorage;
		};
		068FC1862AF39A67007F8CD7 /* GoogleSignIn */ = {
			isa = XCSwiftPackageProductDependency;
			package = 068FC1852AF39A67007F8CD7 /* XCRemoteSwiftPackageReference "GoogleSignIn-iOS" */;
			productName = GoogleSignIn;
		};
		068FC1882AF39A67007F8CD7 /* GoogleSignInSwift */ = {
			isa = XCSwiftPackageProductDependency;
			package = 068FC1852AF39A67007F8CD7 /* XCRemoteSwiftPackageReference "GoogleSignIn-iOS" */;
			productName = GoogleSignInSwift;
		};
/* End XCSwiftPackageProductDependency section */
	};
	rootObject = 068749342AD9399800ACD45E /* Project object */;
}
